
Microsoft Visual Studio Solution File, Format Version 12.00
# Visual Studio 15
Project("{FAE04EC0-301F-11D3-BF4B-00C04F79EFBC}") = "Assembly-CSharp", "Assembly-CSharp.csproj", "{EC18C2FE-4C37-7D52-5F39-AAAA9812FDFC}"
EndProject
Project("{FAE04EC0-301F-11D3-BF4B-00C04F79EFBC}") = "Assembly-CSharp-Editor", "Assembly-CSharp-Editor.csproj", "{ED9F47C7-333B-A1E8-A11A-CF22FBA04A74}"
EndProject
Global
	GlobalSection(SolutionConfigurationPlatforms) = preSolution
		Debug|Any CPU = Debug|Any CPU
		Release|Any CPU = Release|Any CPU
	EndGlobalSection
	GlobalSection(ProjectConfigurationPlatforms) = postSolution
		{EC18C2FE-4C37-7D52-5F39-AAAA9812FDFC}.Debug|Any CPU.ActiveCfg = Debug|Any CPU
		{EC18C2FE-4C37-7D52-5F39-AAAA9812FDFC}.Debug|Any CPU.Build.0 = Debug|Any CPU
		{EC18C2FE-4C37-7D52-5F39-AAAA9812FDFC}.Release|Any CPU.ActiveCfg = Release|Any CPU
		{EC18C2FE-4C37-7D52-5F39-AAAA9812FDFC}.Release|Any CPU.Build.0 = Release|Any CPU
		{ED9F47C7-333B-A1E8-A11A-CF22FBA04A74}.Debug|Any CPU.ActiveCfg = Debug|Any CPU
		{ED9F47C7-333B-A1E8-A11A-CF22FBA04A74}.Debug|Any CPU.Build.0 = Debug|Any CPU
		{ED9F47C7-333B-A1E8-A11A-CF22FBA04A74}.Release|Any CPU.ActiveCfg = Release|Any CPU
		{ED9F47C7-333B-A1E8-A11A-CF22FBA04A74}.Release|Any CPU.Build.0 = Release|Any CPU
	EndGlobalSection
	GlobalSection(SolutionProperties) = preSolution
		HideSolutionNode = FALSE
	EndGlobalSection
EndGlobal
